
Microsoft Visual Studio Solution File, Format Version 12.00
# Visual Studio Version 16
VisualStudioVersion = 16.0.30204.135
MinimumVisualStudioVersion = 10.0.40219.1
Project("{FAE04EC0-301F-11D3-BF4B-00C04F79EFBC}") = "MinefieldApp", "MinefieldApp.csproj", "{0E9EAC17-1F51-4D9D-B468-EC46E6416162}"
EndProject
Project("{FAE04EC0-301F-11D3-BF4B-00C04F79EFBC}") = "MinefieldApp.Tests", "..\MinefieldApp.Tests\MinefieldApp.Tests.csproj", "{7271FA7C-926B-4411-84BF-F1C0AA99BA6C}"
EndProject
Global
	GlobalSection(SolutionConfigurationPlatforms) = preSolution
		Debug|Any CPU = Debug|Any CPU
		Release|Any CPU = Release|Any CPU
	EndGlobalSection
	GlobalSection(ProjectConfigurationPlatforms) = postSolution
		{0E9EAC17-1F51-4D9D-B468-EC46E6416162}.Debug|Any CPU.ActiveCfg = Debug|Any CPU
		{0E9EAC17-1F51-4D9D-B468-EC46E6416162}.Debug|Any CPU.Build.0 = Debug|Any CPU
		{0E9EAC17-1F51-4D9D-B468-EC46E6416162}.Release|Any CPU.ActiveCfg = Release|Any CPU
		{0E9EAC17-1F51-4D9D-B468-EC46E6416162}.Release|Any CPU.Build.0 = Release|Any CPU
		{7271FA7C-926B-4411-84BF-F1C0AA99BA6C}.Debug|Any CPU.ActiveCfg = Debug|Any CPU
		{7271FA7C-926B-4411-84BF-F1C0AA99BA6C}.Debug|Any CPU.Build.0 = Debug|Any CPU
		{7271FA7C-926B-4411-84BF-F1C0AA99BA6C}.Release|Any CPU.ActiveCfg = Release|Any CPU
		{7271FA7C-926B-4411-84BF-F1C0AA99BA6C}.Release|Any CPU.Build.0 = Release|Any CPU
	EndGlobalSection
	GlobalSection(SolutionProperties) = preSolution
		HideSolutionNode = FALSE
	EndGlobalSection
	GlobalSection(ExtensibilityGlobals) = postSolution
		SolutionGuid = {6E0B814B-C69E-4AB3-B657-1070322057E0}
	EndGlobalSection
EndGlobal
